
Microsoft Visual Studio Solution File, Format Version 12.00
# Visual Studio Version 16
VisualStudioVersion = 16.0.810.23
MinimumVisualStudioVersion = 10.0.40219.1
Project("{FAE04EC0-301F-11D3-BF4B-00C04F79EFBC}") = "UnsplashAPI", "UnsplashAPI\UnsplashAPI.csproj", "{9CD94FF0-7B23-4E82-92A2-D98A66E72212}"
EndProject
Global
	GlobalSection(SolutionConfigurationPlatforms) = preSolution
		Debug|Any CPU = Debug|Any CPU
		Release|Any CPU = Release|Any CPU
	EndGlobalSection
	GlobalSection(ProjectConfigurationPlatforms) = postSolution
		{9CD94FF0-7B23-4E82-92A2-D98A66E72212}.Debug|Any CPU.ActiveCfg = Debug|Any CPU
		{9CD94FF0-7B23-4E82-92A2-D98A66E72212}.Debug|Any CPU.Build.0 = Debug|Any CPU
		{9CD94FF0-7B23-4E82-92A2-D98A66E72212}.Release|Any CPU.ActiveCfg = Release|Any CPU
		{9CD94FF0-7B23-4E82-92A2-D98A66E72212}.Release|Any CPU.Build.0 = Release|Any CPU
	EndGlobalSection
	GlobalSection(SolutionProperties) = preSolution
		HideSolutionNode = FALSE
	EndGlobalSection
	GlobalSection(ExtensibilityGlobals) = postSolution
		SolutionGuid = {8229E3CC-0621-41B7-9F90-7F1CF055E7F3}
	EndGlobalSection
EndGlobal
